
Microsoft Visual Studio Solution File, Format Version 12.00
# Visual Studio 14
VisualStudioVersion = 14.0.25420.1
MinimumVisualStudioVersion = 10.0.40219.1
Project("{FAE04EC0-301F-11D3-BF4B-00C04F79EFBC}") = "GoBuddies.Server.Data", "GoBuddies.Server.Data\GoBuddies.Server.Data.csproj", "{BDD48F3E-8C4C-4B4A-92CF-7304984F1E49}"
EndProject
Project("{FAE04EC0-301F-11D3-BF4B-00C04F79EFBC}") = "GoBuddies.Server.WebApi", "GoBuddies.Server.WebApi\GoBuddies.Server.WebApi.csproj", "{D5BDED9C-C3AF-412B-94FB-9B39608B4826}"
EndProject
Project("{FAE04EC0-301F-11D3-BF4B-00C04F79EFBC}") = "GoBuddies", "GoBuddies\GoBuddies.csproj", "{B96B9567-0A1C-42FA-AC46-320D1AB62719}"
EndProject
Global
	GlobalSection(SolutionConfigurationPlatforms) = preSolution
		Debug|Any CPU = Debug|Any CPU
		Release|Any CPU = Release|Any CPU
	EndGlobalSection
	GlobalSection(ProjectConfigurationPlatforms) = postSolution
		{BDD48F3E-8C4C-4B4A-92CF-7304984F1E49}.Debug|Any CPU.ActiveCfg = Debug|Any CPU
		{BDD48F3E-8C4C-4B4A-92CF-7304984F1E49}.Debug|Any CPU.Build.0 = Debug|Any CPU
		{BDD48F3E-8C4C-4B4A-92CF-7304984F1E49}.Release|Any CPU.ActiveCfg = Release|Any CPU
		{BDD48F3E-8C4C-4B4A-92CF-7304984F1E49}.Release|Any CPU.Build.0 = Release|Any CPU
		{D5BDED9C-C3AF-412B-94FB-9B39608B4826}.Debug|Any CPU.ActiveCfg = Debug|Any CPU
		{D5BDED9C-C3AF-412B-94FB-9B39608B4826}.Debug|Any CPU.Build.0 = Debug|Any CPU
		{D5BDED9C-C3AF-412B-94FB-9B39608B4826}.Release|Any CPU.ActiveCfg = Release|Any CPU
		{D5BDED9C-C3AF-412B-94FB-9B39608B4826}.Release|Any CPU.Build.0 = Release|Any CPU
		{B96B9567-0A1C-42FA-AC46-320D1AB62719}.Debug|Any CPU.ActiveCfg = Debug|Any CPU
		{B96B9567-0A1C-42FA-AC46-320D1AB62719}.Debug|Any CPU.Build.0 = Debug|Any CPU
		{B96B9567-0A1C-42FA-AC46-320D1AB62719}.Release|Any CPU.ActiveCfg = Release|Any CPU
		{B96B9567-0A1C-42FA-AC46-320D1AB62719}.Release|Any CPU.Build.0 = Release|Any CPU
	EndGlobalSection
	GlobalSection(SolutionProperties) = preSolution
		HideSolutionNode = FALSE
	EndGlobalSection
EndGlobal
